// !$*UTF8*$!
{
	archiveVersion = 1;
	classes = {
	};
	objectVersion = 56;
	objects = {

/* Begin PBXBuildFile section */
		EE465CA32BDCE79E0099053D /* AppDelegate.swift in Sources */ = {isa = PBXBuildFile; fileRef = EE465CA22BDCE79E0099053D /* AppDelegate.swift */; };
		EE465CA52BDCE79E0099053D /* SceneDelegate.swift in Sources */ = {isa = PBXBuildFile; fileRef = EE465CA42BDCE79E0099053D /* SceneDelegate.swift */; };
		EE465CA72BDCE79E0099053D /* HomeViewController.swift in Sources */ = {isa = PBXBuildFile; fileRef = EE465CA62BDCE79E0099053D /* HomeViewController.swift */; };
		EE465CAA2BDCE79E0099053D /* Main.storyboard in Resources */ = {isa = PBXBuildFile; fileRef = EE465CA82BDCE79E0099053D /* Main.storyboard */; };
		EE465CAC2BDCE79E0099053D /* Assets.xcassets in Resources */ = {isa = PBXBuildFile; fileRef = EE465CAB2BDCE79E0099053D /* Assets.xcassets */; };
		EE465CAF2BDCE79E0099053D /* LaunchScreen.storyboard in Resources */ = {isa = PBXBuildFile; fileRef = EE465CAD2BDCE79E0099053D /* LaunchScreen.storyboard */; };
		EE465CB82BDCE93A0099053D /* Resnet50.mlmodel in Sources */ = {isa = PBXBuildFile; fileRef = EE465CB72BDCE93A0099053D /* Resnet50.mlmodel */; };
		EE465CBD2BDCFA320099053D /* MLPAnimal.swift in Sources */ = {isa = PBXBuildFile; fileRef = EE465CBC2BDCFA320099053D /* MLPAnimal.swift */; };
		EE465CC02BDCFADC0099053D /* MLPImageDetectionVM.swift in Sources */ = {isa = PBXBuildFile; fileRef = EE465CBF2BDCFADC0099053D /* MLPImageDetectionVM.swift */; };
/* End PBXBuildFile section */

/* Begin PBXFileReference section */
		EE465C9F2BDCE79E0099053D /* MLPhotos.app */ = {isa = PBXFileReference; explicitFileType = wrapper.application; includeInIndex = 0; path = MLPhotos.app; sourceTree = BUILT_PRODUCTS_DIR; };
		EE465CA22BDCE79E0099053D /* AppDelegate.swift */ = {isa = PBXFileReference; lastKnownFileType = sourcecode.swift; path = AppDelegate.swift; sourceTree = "<group>"; };
		EE465CA42BDCE79E0099053D /* SceneDelegate.swift */ = {isa = PBXFileReference; lastKnownFileType = sourcecode.swift; path = SceneDelegate.swift; sourceTree = "<group>"; };
		EE465CA62BDCE79E0099053D /* HomeViewController.swift */ = {isa = PBXFileReference; lastKnownFileType = sourcecode.swift; path = HomeViewController.swift; sourceTree = "<group>"; };
		EE465CA92BDCE79E0099053D /* Base */ = {isa = PBXFileReference; lastKnownFileType = file.storyboard; name = Base; path = Base.lproj/Main.storyboard; sourceTree = "<group>"; };
		EE465CAB2BDCE79E0099053D /* Assets.xcassets */ = {isa = PBXFileReference; lastKnownFileType = folder.assetcatalog; path = Assets.xcassets; sourceTree = "<group>"; };
		EE465CAE2BDCE79E0099053D /* Base */ = {isa = PBXFileReference; lastKnownFileType = file.storyboard; name = Base; path = Base.lproj/LaunchScreen.storyboard; sourceTree = "<group>"; };
		EE465CB02BDCE79E0099053D /* Info.plist */ = {isa = PBXFileReference; lastKnownFileType = text.plist.xml; path = Info.plist; sourceTree = "<group>"; };
		EE465CB72BDCE93A0099053D /* Resnet50.mlmodel */ = {isa = PBXFileReference; lastKnownFileType = file.mlmodel; path = Resnet50.mlmodel; sourceTree = "<group>"; };
		EE465CBC2BDCFA320099053D /* MLPAnimal.swift */ = {isa = PBXFileReference; lastKnownFileType = sourcecode.swift; path = MLPAnimal.swift; sourceTree = "<group>"; };
		EE465CBF2BDCFADC0099053D /* MLPImageDetectionVM.swift */ = {isa = PBXFileReference; lastKnownFileType = sourcecode.swift; path = MLPImageDetectionVM.swift; sourceTree = "<group>"; };
/* End PBXFileReference section */

/* Begin PBXFrameworksBuildPhase section */
		EE465C9C2BDCE79E0099053D /* Frameworks */ = {
			isa = PBXFrameworksBuildPhase;
			buildActionMask = 2147483647;
			files = (
			);
			runOnlyForDeploymentPostprocessing = 0;
		};
/* End PBXFrameworksBuildPhase section */

/* Begin PBXGroup section */
		EE465C962BDCE79E0099053D = {
			isa = PBXGroup;
			children = (
				EE465CA12BDCE79E0099053D /* MLPhotos */,
				EE465CA02BDCE79E0099053D /* Products */,
			);
			sourceTree = "<group>";
		};
		EE465CA02BDCE79E0099053D /* Products */ = {
			isa = PBXGroup;
			children = (
				EE465C9F2BDCE79E0099053D /* MLPhotos.app */,
			);
			name = Products;
			sourceTree = "<group>";
		};
		EE465CA12BDCE79E0099053D /* MLPhotos */ = {
			isa = PBXGroup;
			children = (
				EE465CBE2BDCFAB80099053D /* Viewmodel */,
				EE465CBB2BDCFA000099053D /* Model */,
				EE465CB62BDCE92D0099053D /* MLModel */,
				EE465CA22BDCE79E0099053D /* AppDelegate.swift */,
				EE465CA42BDCE79E0099053D /* SceneDelegate.swift */,
				EE465CA62BDCE79E0099053D /* HomeViewController.swift */,
				EE465CA82BDCE79E0099053D /* Main.storyboard */,
				EE465CAB2BDCE79E0099053D /* Assets.xcassets */,
				EE465CAD2BDCE79E0099053D /* LaunchScreen.storyboard */,
				EE465CB02BDCE79E0099053D /* Info.plist */,
			);
			path = MLPhotos;
			sourceTree = "<group>";
		};
		EE465CB62BDCE92D0099053D /* MLModel */ = {
			isa = PBXGroup;
			children = (
				EE465CB72BDCE93A0099053D /* Resnet50.mlmodel */,
			);
			path = MLModel;
			sourceTree = "<group>";
		};
		EE465CBB2BDCFA000099053D /* Model */ = {
			isa = PBXGroup;
			children = (
				EE465CBC2BDCFA320099053D /* MLPAnimal.swift */,
			);
			path = Model;
			sourceTree = "<group>";
		};
		EE465CBE2BDCFAB80099053D /* Viewmodel */ = {
			isa = PBXGroup;
			children = (
				EE465CBF2BDCFADC0099053D /* MLPImageDetectionVM.swift */,
			);
			path = Viewmodel;
			sourceTree = "<group>";
		};
/* End PBXGroup section */

/* Begin PBXNativeTarget section */
		EE465C9E2BDCE79E0099053D /* MLPhotos */ = {
			isa = PBXNativeTarget;
			buildConfigurationList = EE465CB32BDCE79E0099053D /* Build configuration list for PBXNativeTarget "MLPhotos" */;
			buildPhases = (
				EE465C9B2BDCE79E0099053D /* Sources */,
				EE465C9C2BDCE79E0099053D /* Frameworks */,
				EE465C9D2BDCE79E0099053D /* Resources */,
			);
			buildRules = (
			);
			dependencies = (
			);
			name = MLPhotos;
			productName = MLPhotos;
			productReference = EE465C9F2BDCE79E0099053D /* MLPhotos.app */;
			productType = "com.apple.product-type.application";
		};
/* End PBXNativeTarget section */

/* Begin PBXProject section */
		EE465C972BDCE79E0099053D /* Project object */ = {
			isa = PBXProject;
			attributes = {
				BuildIndependentTargetsInParallel = 1;
				LastSwiftUpdateCheck = 1500;
				LastUpgradeCheck = 1500;
				TargetAttributes = {
					EE465C9E2BDCE79E0099053D = {
						CreatedOnToolsVersion = 15.0.1;
					};
				};
			};
			buildConfigurationList = EE465C9A2BDCE79E0099053D /* Build configuration list for PBXProject "MLPhotos" */;
			compatibilityVersion = "Xcode 14.0";
			developmentRegion = en;
			hasScannedForEncodings = 0;
			knownRegions = (
				en,
				Base,
			);
			mainGroup = EE465C962BDCE79E0099053D;
			productRefGroup = EE465CA02BDCE79E0099053D /* Products */;
			projectDirPath = "";
			projectRoot = "";
			targets = (
				EE465C9E2BDCE79E0099053D /* MLPhotos */,
			);
		};
/* End PBXProject section */

/* Begin PBXResourcesBuildPhase section */
		EE465C9D2BDCE79E0099053D /* Resources */ = {
			isa = PBXResourcesBuildPhase;
			buildActionMask = 2147483647;
			files = (
				EE465CAF2BDCE79E0099053D /* LaunchScreen.storyboard in Resources */,
				EE465CAC2BDCE79E0099053D /* Assets.xcassets in Resources */,
				EE465CAA2BDCE79E0099053D /* Main.storyboard in Resources */,
			);
			runOnlyForDeploymentPostprocessing = 0;
		};
/* End PBXResourcesBuildPhase section */

/* Begin PBXSourcesBuildPhase section */
		EE465C9B2BDCE79E0099053D /* Sources */ = {
			isa = PBXSourcesBuildPhase;
			buildActionMask = 2147483647;
			files = (
				EE465CC02BDCFADC0099053D /* MLPImageDetectionVM.swift in Sources */,
				EE465CBD2BDCFA320099053D /* MLPAnimal.swift in Sources */,
				EE465CB82BDCE93A0099053D /* Resnet50.mlmodel in Sources */,
				EE465CA72BDCE79E0099053D /* HomeViewController.swift in Sources */,
				EE465CA32BDCE79E0099053D /* AppDelegate.swift in Sources */,
				EE465CA52BDCE79E0099053D /* SceneDelegate.swift in Sources */,
			);
			runOnlyForDeploymentPostprocessing = 0;
		};
/* End PBXSourcesBuildPhase section */

/* Begin PBXVariantGroup section */
		EE465CA82BDCE79E0099053D /* Main.storyboard */ = {
			isa = PBXVariantGroup;
			children = (
				EE465CA92BDCE79E0099053D /* Base */,
			);
			name = Main.storyboard;
			sourceTree = "<group>";
		};
		EE465CAD2BDCE79E0099053D /* LaunchScreen.storyboard */ = {
			isa = PBXVariantGroup;
			children = (
				EE465CAE2BDCE79E0099053D /* Base */,
			);
			name = LaunchScreen.storyboard;
			sourceTree = "<group>";
		};
/* End PBXVariantGroup section */

/* Begin XCBuildConfiguration section */
		EE465CB12BDCE79E0099053D /* Debug */ = {
			isa = XCBuildConfiguration;
			buildSettings = {
				ALWAYS_SEARCH_USER_PATHS = NO;
				ASSETCATALOG_COMPILER_GENERATE_SWIFT_ASSET_SYMBOL_EXTENSIONS = YES;
				CLANG_ANALYZER_NONNULL = YES;
				CLANG_ANALYZER_NUMBER_OBJECT_CONVERSION = YES_AGGRESSIVE;
				CLANG_CXX_LANGUAGE_STANDARD = "gnu++20";
				CLANG_ENABLE_MODULES = YES;
				CLANG_ENABLE_OBJC_ARC = YES;
				CLANG_ENABLE_OBJC_WEAK = YES;
				CLANG_WARN_BLOCK_CAPTURE_AUTORELEASING = YES;
				CLANG_WARN_BOOL_CONVERSION = YES;
				CLANG_WARN_COMMA = YES;
				CLANG_WARN_CONSTANT_CONVERSION = YES;
				CLANG_WARN_DEPRECATED_OBJC_IMPLEMENTATIONS = YES;
				CLANG_WARN_DIRECT_OBJC_ISA_USAGE = YES_ERROR;
				CLANG_WARN_DOCUMENTATION_COMMENTS = YES;
				CLANG_WARN_EMPTY_BODY = YES;
				CLANG_WARN_ENUM_CONVERSION = YES;
				CLANG_WARN_INFINITE_RECURSION = YES;
				CLANG_WARN_INT_CONVERSION = YES;
				CLANG_WARN_NON_LITERAL_NULL_CONVERSION = YES;
				CLANG_WARN_OBJC_IMPLICIT_RETAIN_SELF = YES;
				CLANG_WARN_OBJC_LITERAL_CONVERSION = YES;
				CLANG_WARN_OBJC_ROOT_CLASS = YES_ERROR;
				CLANG_WARN_QUOTED_INCLUDE_IN_FRAMEWORK_HEADER = YES;
				CLANG_WARN_RANGE_LOOP_ANALYSIS = YES;
				CLANG_WARN_STRICT_PROTOTYPES = YES;
				CLANG_WARN_SUSPICIOUS_MOVE = YES;
				CLANG_WARN_UNGUARDED_AVAILABILITY = YES_AGGRESSIVE;
				CLANG_WARN_UNREACHABLE_CODE = YES;
				CLANG_WARN__DUPLICATE_METHOD_MATCH = YES;
				COPY_PHASE_STRIP = NO;
				DEBUG_INFORMATION_FORMAT = dwarf;
				ENABLE_STRICT_OBJC_MSGSEND = YES;
				ENABLE_TESTABILITY = YES;
				ENABLE_USER_SCRIPT_SANDBOXING = YES;
				GCC_C_LANGUAGE_STANDARD = gnu17;
				GCC_DYNAMIC_NO_PIC = NO;
				GCC_NO_COMMON_BLOCKS = YES;
				GCC_OPTIMIZATION_LEVEL = 0;
				GCC_PREPROCESSOR_DEFINITIONS = (
					"DEBUG=1",
					"$(inherited)",
				);
				GCC_WARN_64_TO_32_BIT_CONVERSION = YES;
				GCC_WARN_ABOUT_RETURN_TYPE = YES_ERROR;
				GCC_WARN_UNDECLARED_SELECTOR = YES;
				GCC_WARN_UNINITIALIZED_AUTOS = YES_AGGRESSIVE;
				GCC_WARN_UNUSED_FUNCTION = YES;
				GCC_WARN_UNUSED_VARIABLE = YES;
				IPHONEOS_DEPLOYMENT_TARGET = 17.0;
				LOCALIZATION_PREFERS_STRING_CATALOGS = YES;
				MTL_ENABLE_DEBUG_INFO = INCLUDE_SOURCE;
				MTL_FAST_MATH = YES;
				ONLY_ACTIVE_ARCH = YES;
				SDKROOT = iphoneos;
				SWIFT_ACTIVE_COMPILATION_CONDITIONS = "DEBUG $(inherited)";
				SWIFT_OPTIMIZATION_LEVEL = "-Onone";
			};
			name = Debug;
		};
		EE465CB22BDCE79E0099053D /* Release */ = {
			isa = XCBuildConfiguration;
			buildSettings = {
				ALWAYS_SEARCH_USER_PATHS = NO;
				ASSETCATALOG_COMPILER_GENERATE_SWIFT_ASSET_SYMBOL_EXTENSIONS = YES;
				CLANG_ANALYZER_NONNULL = YES;
				CLANG_ANALYZER_NUMBER_OBJECT_CONVERSION = YES_AGGRESSIVE;
				CLANG_CXX_LANGUAGE_STANDARD = "gnu++20";
				CLANG_ENABLE_MODULES = YES;
				CLANG_ENABLE_OBJC_ARC = YES;
				CLANG_ENABLE_OBJC_WEAK = YES;
				CLANG_WARN_BLOCK_CAPTURE_AUTORELEASING = YES;
				CLANG_WARN_BOOL_CONVERSION = YES;
				CLANG_WARN_COMMA = YES;
				CLANG_WARN_CONSTANT_CONVERSION = YES;
				CLANG_WARN_DEPRECATED_OBJC_IMPLEMENTATIONS = YES;
				CLANG_WARN_DIRECT_OBJC_ISA_USAGE = YES_ERROR;
				CLANG_WARN_DOCUMENTATION_COMMENTS = YES;
				CLANG_WARN_EMPTY_BODY = YES;
				CLANG_WARN_ENUM_CONVERSION = YES;
				CLANG_WARN_INFINITE_RECURSION = YES;
				CLANG_WARN_INT_CONVERSION = YES;
				CLANG_WARN_NON_LITERAL_NULL_CONVERSION = YES;
				CLANG_WARN_OBJC_IMPLICIT_RETAIN_SELF = YES;
				CLANG_WARN_OBJC_LITERAL_CONVERSION = YES;
				CLANG_WARN_OBJC_ROOT_CLASS = YES_ERROR;
				CLANG_WARN_QUOTED_INCLUDE_IN_FRAMEWORK_HEADER = YES;
				CLANG_WARN_RANGE_LOOP_ANALYSIS = YES;
				CLANG_WARN_STRICT_PROTOTYPES = YES;
				CLANG_WARN_SUSPICIOUS_MOVE = YES;
				CLANG_WARN_UNGUARDED_AVAILABILITY = YES_AGGRESSIVE;
				CLANG_WARN_UNREACHABLE_CODE = YES;
				CLANG_WARN__DUPLICATE_METHOD_MATCH = YES;
				COPY_PHASE_STRIP = NO;
				DEBUG_INFORMATION_FORMAT = "dwarf-with-dsym";
				ENABLE_NS_ASSERTIONS = NO;
				ENABLE_STRICT_OBJC_MSGSEND = YES;
				ENABLE_USER_SCRIPT_SANDBOXING = YES;
				GCC_C_LANGUAGE_STANDARD = gnu17;
				GCC_NO_COMMON_BLOCKS = YES;
				GCC_WARN_64_TO_32_BIT_CONVERSION = YES;
				GCC_WARN_ABOUT_RETURN_TYPE = YES_ERROR;
				GCC_WARN_UNDECLARED_SELECTOR = YES;
				GCC_WARN_UNINITIALIZED_AUTOS = YES_AGGRESSIVE;
				GCC_WARN_UNUSED_FUNCTION = YES;
				GCC_WARN_UNUSED_VARIABLE = YES;
				IPHONEOS_DEPLOYMENT_TARGET = 17.0;
				LOCALIZATION_PREFERS_STRING_CATALOGS = YES;
				MTL_ENABLE_DEBUG_INFO = NO;
				MTL_FAST_MATH = YES;
				SDKROOT = iphoneos;
				SWIFT_COMPILATION_MODE = wholemodule;
				VALIDATE_PRODUCT = YES;
			};
			name = Release;
		};
		EE465CB42BDCE79E0099053D /* Debug */ = {
			isa = XCBuildConfiguration;
			buildSettings = {
				ASSETCATALOG_COMPILER_APPICON_NAME = AppIcon;
				ASSETCATALOG_COMPILER_GLOBAL_ACCENT_COLOR_NAME = AccentColor;
				CODE_SIGN_STYLE = Automatic;
				CURRENT_PROJECT_VERSION = 1;
				DEVELOPMENT_TEAM = 7G876FS8P7;
				GENERATE_INFOPLIST_FILE = YES;
				INFOPLIST_FILE = MLPhotos/Info.plist;
				INFOPLIST_KEY_NSPhotoLibraryAddUsageDescription = "This app would like access to your photo library";
				INFOPLIST_KEY_UIApplicationSupportsIndirectInputEvents = YES;
				INFOPLIST_KEY_UILaunchStoryboardName = LaunchScreen;
				INFOPLIST_KEY_UIMainStoryboardFile = Main;
				INFOPLIST_KEY_UISupportedInterfaceOrientations_iPad = "UIInterfaceOrientationPortrait UIInterfaceOrientationPortraitUpsideDown UIInterfaceOrientationLandscapeLeft UIInterfaceOrientationLandscapeRight";
				INFOPLIST_KEY_UISupportedInterfaceOrientations_iPhone = "UIInterfaceOrientationPortrait UIInterfaceOrientationLandscapeLeft UIInterfaceOrientationLandscapeRight";
				LD_RUNPATH_SEARCH_PATHS = (
					"$(inherited)",
					"@executable_path/Frameworks",
				);
				MARKETING_VERSION = 1.0;
				PRODUCT_BUNDLE_IDENTIFIER = com.ons.MLPhotos;
				PRODUCT_NAME = "$(TARGET_NAME)";
				SWIFT_EMIT_LOC_STRINGS = YES;
				SWIFT_VERSION = 5.0;
				TARGETED_DEVICE_FAMILY = "1,2";
			};
			name = Debug;
		};
		EE465CB52BDCE79E0099053D /* Release */ = {
			isa = XCBuildConfiguration;
			buildSettings = {
				ASSETCATALOG_COMPILER_APPICON_NAME = AppIcon;
				ASSETCATALOG_COMPILER_GLOBAL_ACCENT_COLOR_NAME = AccentColor;
				CODE_SIGN_STYLE = Automatic;
				CURRENT_PROJECT_VERSION = 1;
				DEVELOPMENT_TEAM = 7G876FS8P7;
				GENERATE_INFOPLIST_FILE = YES;
				INFOPLIST_FILE = MLPhotos/Info.plist;
				INFOPLIST_KEY_NSPhotoLibraryAddUsageDescription = "This app would like access to your photo library";
				INFOPLIST_KEY_UIApplicationSupportsIndirectInputEvents = YES;
				INFOPLIST_KEY_UILaunchStoryboardName = LaunchScreen;
				INFOPLIST_KEY_UIMainStoryboardFile = Main;
				INFOPLIST_KEY_UISupportedInterfaceOrientations_iPad = "UIInterfaceOrientationPortrait UIInterfaceOrientationPortraitUpsideDown UIInterfaceOrientationLandscapeLeft UIInterfaceOrientationLandscapeRight";
				INFOPLIST_KEY_UISupportedInterfaceOrientations_iPhone = "UIInterfaceOrientationPortrait UIInterfaceOrientationLandscapeLeft UIInterfaceOrientationLandscapeRight";
				LD_RUNPATH_SEARCH_PATHS = (
					"$(inherited)",
					"@executable_path/Frameworks",
				);
				MARKETING_VERSION = 1.0;
				PRODUCT_BUNDLE_IDENTIFIER = com.ons.MLPhotos;
				PRODUCT_NAME = "$(TARGET_NAME)";
				SWIFT_EMIT_LOC_STRINGS = YES;
				SWIFT_VERSION = 5.0;
				TARGETED_DEVICE_FAMILY = "1,2";
			};
			name = Release;
		};
/* End XCBuildConfiguration section */

/* Begin XCConfigurationList section */
		EE465C9A2BDCE79E0099053D /* Build configuration list for PBXProject "MLPhotos" */ = {
			isa = XCConfigurationList;
			buildConfigurations = (
				EE465CB12BDCE79E0099053D /* Debug */,
				EE465CB22BDCE79E0099053D /* Release */,
			);
			defaultConfigurationIsVisible = 0;
			defaultConfigurationName = Release;
		};
		EE465CB32BDCE79E0099053D /* Build configuration list for PBXNativeTarget "MLPhotos" */ = {
			isa = XCConfigurationList;
			buildConfigurations = (
				EE465CB42BDCE79E0099053D /* Debug */,
				EE465CB52BDCE79E0099053D /* Release */,
			);
			defaultConfigurationIsVisible = 0;
			defaultConfigurationName = Release;
		};
/* End XCConfigurationList section */
	};
	rootObject = EE465C972BDCE79E0099053D /* Project object */;
}
